// !$*UTF8*$!
{
	archiveVersion = 1;
	classes = {
	};
	objectVersion = 46;
	objects = {

/* Begin PBXAggregateTarget section */
		"Theo::TheoPackageTests::ProductTarget" /* TheoPackageTests */ = {
			isa = PBXAggregateTarget;
			buildConfigurationList = OBJ_217 /* Build configuration list for PBXAggregateTarget "TheoPackageTests" */;
			buildPhases = (
			);
			dependencies = (
				OBJ_220 /* PBXTargetDependency */,
			);
			name = TheoPackageTests;
			productName = TheoPackageTests;
		};
/* End PBXAggregateTarget section */

/* Begin PBXBuildFile section */
		OBJ_101 /* Package.swift in Sources */ = {isa = PBXBuildFile; fileRef = OBJ_58 /* Package.swift */; };
		OBJ_107 /* Package.swift in Sources */ = {isa = PBXBuildFile; fileRef = OBJ_60 /* Package.swift */; };
		OBJ_113 /* BoltConfig.swift in Sources */ = {isa = PBXBuildFile; fileRef = OBJ_32 /* BoltConfig.swift */; };
		OBJ_114 /* RestConfig.swift in Sources */ = {isa = PBXBuildFile; fileRef = OBJ_33 /* RestConfig.swift */; };
		OBJ_115 /* Theo_000_RestRequestTests.swift in Sources */ = {isa = PBXBuildFile; fileRef = OBJ_34 /* Theo_000_RestRequestTests.swift */; };
		OBJ_116 /* Theo_001_BoltClientTests.swift in Sources */ = {isa = PBXBuildFile; fileRef = OBJ_35 /* Theo_001_BoltClientTests.swift */; };
		OBJ_117 /* XCTestManifests.swift in Sources */ = {isa = PBXBuildFile; fileRef = OBJ_36 /* XCTestManifests.swift */; };
		OBJ_119 /* Theo.framework in Frameworks */ = {isa = PBXBuildFile; fileRef = "Theo::Theo::Product" /* Theo.framework */; };
		OBJ_120 /* Bolt.framework in Frameworks */ = {isa = PBXBuildFile; fileRef = "Bolt::Bolt::Product" /* Bolt.framework */; };
		OBJ_121 /* SSLService.framework in Frameworks */ = {isa = PBXBuildFile; fileRef = "SSLService::SSLService::Product" /* SSLService.framework */; };
		OBJ_122 /* Socket.framework in Frameworks */ = {isa = PBXBuildFile; fileRef = "Socket::Socket::Product" /* Socket.framework */; };
		OBJ_123 /* PackStream.framework in Frameworks */ = {isa = PBXBuildFile; fileRef = "PackStream::PackStream::Product" /* PackStream.framework */; };
		OBJ_138 /* BoltClient.swift in Sources */ = {isa = PBXBuildFile; fileRef = OBJ_10 /* BoltClient.swift */; };
		OBJ_139 /* Response+TheoExtension.swift in Sources */ = {isa = PBXBuildFile; fileRef = OBJ_11 /* Response+TheoExtension.swift */; };
		OBJ_140 /* ClientProtocol.swift in Sources */ = {isa = PBXBuildFile; fileRef = OBJ_12 /* ClientProtocol.swift */; };
		OBJ_141 /* Cypher.swift in Sources */ = {isa = PBXBuildFile; fileRef = OBJ_13 /* Cypher.swift */; };
		OBJ_142 /* Node.swift in Sources */ = {isa = PBXBuildFile; fileRef = OBJ_14 /* Node.swift */; };
		OBJ_143 /* Relationship.swift in Sources */ = {isa = PBXBuildFile; fileRef = OBJ_15 /* Relationship.swift */; };
		OBJ_144 /* CypherMeta.swift in Sources */ = {isa = PBXBuildFile; fileRef = OBJ_17 /* CypherMeta.swift */; };
		OBJ_145 /* DBMeta.swift in Sources */ = {isa = PBXBuildFile; fileRef = OBJ_18 /* DBMeta.swift */; };
		OBJ_146 /* NodeMeta.swift in Sources */ = {isa = PBXBuildFile; fileRef = OBJ_19 /* NodeMeta.swift */; };
		OBJ_147 /* RelationshipMeta.swift in Sources */ = {isa = PBXBuildFile; fileRef = OBJ_20 /* RelationshipMeta.swift */; };
		OBJ_148 /* RestClient.swift in Sources */ = {isa = PBXBuildFile; fileRef = OBJ_21 /* RestClient.swift */; };
		OBJ_149 /* RestRequest.swift in Sources */ = {isa = PBXBuildFile; fileRef = OBJ_22 /* RestRequest.swift */; };
		OBJ_150 /* RestSession.swift in Sources */ = {isa = PBXBuildFile; fileRef = OBJ_23 /* RestSession.swift */; };
		OBJ_151 /* DecodableType.swift in Sources */ = {isa = PBXBuildFile; fileRef = OBJ_25 /* DecodableType.swift */; };
		OBJ_152 /* Dictionary+Extensions.swift in Sources */ = {isa = PBXBuildFile; fileRef = OBJ_26 /* Dictionary+Extensions.swift */; };
		OBJ_153 /* Errors.swift in Sources */ = {isa = PBXBuildFile; fileRef = OBJ_27 /* Errors.swift */; };
		OBJ_154 /* NSDictionary+Extensions.swift in Sources */ = {isa = PBXBuildFile; fileRef = OBJ_28 /* NSDictionary+Extensions.swift */; };
		OBJ_155 /* StringProtocol.swift in Sources */ = {isa = PBXBuildFile; fileRef = OBJ_29 /* StringProtocol.swift */; };
		OBJ_157 /* Bolt.framework in Frameworks */ = {isa = PBXBuildFile; fileRef = "Bolt::Bolt::Product" /* Bolt.framework */; };
		OBJ_158 /* SSLService.framework in Frameworks */ = {isa = PBXBuildFile; fileRef = "SSLService::SSLService::Product" /* SSLService.framework */; };
		OBJ_159 /* Socket.framework in Frameworks */ = {isa = PBXBuildFile; fileRef = "Socket::Socket::Product" /* Socket.framework */; };
		OBJ_160 /* PackStream.framework in Frameworks */ = {isa = PBXBuildFile; fileRef = "PackStream::PackStream::Product" /* PackStream.framework */; };
		OBJ_169 /* Connection.swift in Sources */ = {isa = PBXBuildFile; fileRef = OBJ_40 /* Connection.swift */; };
		OBJ_170 /* ConnectionSettings.swift in Sources */ = {isa = PBXBuildFile; fileRef = OBJ_41 /* ConnectionSettings.swift */; };
		OBJ_171 /* EncryptedSocket.swift in Sources */ = {isa = PBXBuildFile; fileRef = OBJ_42 /* EncryptedSocket.swift */; };
		OBJ_172 /* Request.swift in Sources */ = {isa = PBXBuildFile; fileRef = OBJ_43 /* Request.swift */; };
		OBJ_173 /* Response.swift in Sources */ = {isa = PBXBuildFile; fileRef = OBJ_44 /* Response.swift */; };
		OBJ_174 /* SSLConfiguration.swift in Sources */ = {isa = PBXBuildFile; fileRef = OBJ_45 /* SSLConfiguration.swift */; };
		OBJ_175 /* SSLKeyGeneratorConfig.swift in Sources */ = {isa = PBXBuildFile; fileRef = OBJ_46 /* SSLKeyGeneratorConfig.swift */; };
		OBJ_176 /* SocketProtocol.swift in Sources */ = {isa = PBXBuildFile; fileRef = OBJ_47 /* SocketProtocol.swift */; };
		OBJ_177 /* UnencryptedSocket.swift in Sources */ = {isa = PBXBuildFile; fileRef = OBJ_48 /* UnencryptedSocket.swift */; };
		OBJ_179 /* SSLService.framework in Frameworks */ = {isa = PBXBuildFile; fileRef = "SSLService::SSLService::Product" /* SSLService.framework */; };
		OBJ_180 /* Socket.framework in Frameworks */ = {isa = PBXBuildFile; fileRef = "Socket::Socket::Product" /* Socket.framework */; };
		OBJ_181 /* PackStream.framework in Frameworks */ = {isa = PBXBuildFile; fileRef = "PackStream::PackStream::Product" /* PackStream.framework */; };
		OBJ_189 /* SSLService.swift in Sources */ = {isa = PBXBuildFile; fileRef = OBJ_51 /* SSLService.swift */; };
		OBJ_191 /* Socket.framework in Frameworks */ = {isa = PBXBuildFile; fileRef = "Socket::Socket::Product" /* Socket.framework */; };
		OBJ_197 /* Socket.swift in Sources */ = {isa = PBXBuildFile; fileRef = OBJ_55 /* Socket.swift */; };
		OBJ_198 /* SocketProtocols.swift in Sources */ = {isa = PBXBuildFile; fileRef = OBJ_56 /* SocketProtocols.swift */; };
		OBJ_199 /* SocketUtils.swift in Sources */ = {isa = PBXBuildFile; fileRef = OBJ_57 /* SocketUtils.swift */; };
		OBJ_205 /* Bool.swift in Sources */ = {isa = PBXBuildFile; fileRef = OBJ_61 /* Bool.swift */; };
		OBJ_206 /* Float.swift in Sources */ = {isa = PBXBuildFile; fileRef = OBJ_62 /* Float.swift */; };
		OBJ_207 /* Int.swift in Sources */ = {isa = PBXBuildFile; fileRef = OBJ_63 /* Int.swift */; };
		OBJ_208 /* List.swift in Sources */ = {isa = PBXBuildFile; fileRef = OBJ_64 /* List.swift */; };
		OBJ_209 /* Map.swift in Sources */ = {isa = PBXBuildFile; fileRef = OBJ_65 /* Map.swift */; };
		OBJ_210 /* Null.swift in Sources */ = {isa = PBXBuildFile; fileRef = OBJ_66 /* Null.swift */; };
		OBJ_211 /* PackProtocol.swift in Sources */ = {isa = PBXBuildFile; fileRef = OBJ_67 /* PackProtocol.swift */; };
		OBJ_212 /* Packer.swift in Sources */ = {isa = PBXBuildFile; fileRef = OBJ_68 /* Packer.swift */; };
		OBJ_213 /* String.swift in Sources */ = {isa = PBXBuildFile; fileRef = OBJ_69 /* String.swift */; };
		OBJ_214 /* Structure.swift in Sources */ = {isa = PBXBuildFile; fileRef = OBJ_70 /* Structure.swift */; };
		OBJ_83 /* Package.swift in Sources */ = {isa = PBXBuildFile; fileRef = OBJ_6 /* Package.swift */; };
		OBJ_89 /* Package.swift in Sources */ = {isa = PBXBuildFile; fileRef = OBJ_39 /* Package.swift */; };
		OBJ_95 /* Package.swift in Sources */ = {isa = PBXBuildFile; fileRef = OBJ_52 /* Package.swift */; };
/* End PBXBuildFile section */

/* Begin PBXContainerItemProxy section */
		853E0CEB1F8D1BFA00531396 /* PBXContainerItemProxy */ = {
			isa = PBXContainerItemProxy;
			containerPortal = OBJ_1 /* Project object */;
			proxyType = 1;
			remoteGlobalIDString = "Socket::Socket";
			remoteInfo = Socket;
		};
		853E0CEC1F8D1BFA00531396 /* PBXContainerItemProxy */ = {
			isa = PBXContainerItemProxy;
			containerPortal = OBJ_1 /* Project object */;
			proxyType = 1;
			remoteGlobalIDString = "SSLService::SSLService";
			remoteInfo = SSLService;
		};
		853E0CED1F8D1BFA00531396 /* PBXContainerItemProxy */ = {
			isa = PBXContainerItemProxy;
			containerPortal = OBJ_1 /* Project object */;
			proxyType = 1;
			remoteGlobalIDString = "Socket::Socket";
			remoteInfo = Socket;
		};
		853E0CEE1F8D1BFA00531396 /* PBXContainerItemProxy */ = {
			isa = PBXContainerItemProxy;
			containerPortal = OBJ_1 /* Project object */;
			proxyType = 1;
			remoteGlobalIDString = "PackStream::PackStream";
			remoteInfo = PackStream;
		};
		853E0CEF1F8D1BFA00531396 /* PBXContainerItemProxy */ = {
			isa = PBXContainerItemProxy;
			containerPortal = OBJ_1 /* Project object */;
			proxyType = 1;
			remoteGlobalIDString = "Bolt::Bolt";
			remoteInfo = Bolt;
		};
		853E0CF01F8D1BFA00531396 /* PBXContainerItemProxy */ = {
			isa = PBXContainerItemProxy;
			containerPortal = OBJ_1 /* Project object */;
			proxyType = 1;
			remoteGlobalIDString = "SSLService::SSLService";
			remoteInfo = SSLService;
		};
		853E0CF11F8D1BFA00531396 /* PBXContainerItemProxy */ = {
			isa = PBXContainerItemProxy;
			containerPortal = OBJ_1 /* Project object */;
			proxyType = 1;
			remoteGlobalIDString = "Socket::Socket";
			remoteInfo = Socket;
		};
		853E0CF21F8D1BFA00531396 /* PBXContainerItemProxy */ = {
			isa = PBXContainerItemProxy;
			containerPortal = OBJ_1 /* Project object */;
			proxyType = 1;
			remoteGlobalIDString = "PackStream::PackStream";
			remoteInfo = PackStream;
		};
		853E0CF31F8D1BFA00531396 /* PBXContainerItemProxy */ = {
			isa = PBXContainerItemProxy;
			containerPortal = OBJ_1 /* Project object */;
			proxyType = 1;
			remoteGlobalIDString = "Theo::Theo";
			remoteInfo = Theo;
		};
		853E0CF41F8D1BFA00531396 /* PBXContainerItemProxy */ = {
			isa = PBXContainerItemProxy;
			containerPortal = OBJ_1 /* Project object */;
			proxyType = 1;
			remoteGlobalIDString = "Bolt::Bolt";
			remoteInfo = Bolt;
		};
		853E0CF51F8D1BFA00531396 /* PBXContainerItemProxy */ = {
			isa = PBXContainerItemProxy;
			containerPortal = OBJ_1 /* Project object */;
			proxyType = 1;
			remoteGlobalIDString = "SSLService::SSLService";
			remoteInfo = SSLService;
		};
		853E0CF61F8D1BFA00531396 /* PBXContainerItemProxy */ = {
			isa = PBXContainerItemProxy;
			containerPortal = OBJ_1 /* Project object */;
			proxyType = 1;
			remoteGlobalIDString = "Socket::Socket";
			remoteInfo = Socket;
		};
		853E0CF71F8D1BFA00531396 /* PBXContainerItemProxy */ = {
			isa = PBXContainerItemProxy;
			containerPortal = OBJ_1 /* Project object */;
			proxyType = 1;
			remoteGlobalIDString = "PackStream::PackStream";
			remoteInfo = PackStream;
		};
		853E0CF81F8D1BFC00531396 /* PBXContainerItemProxy */ = {
			isa = PBXContainerItemProxy;
			containerPortal = OBJ_1 /* Project object */;
			proxyType = 1;
			remoteGlobalIDString = "Theo::TheoTests";
			remoteInfo = TheoTests;
		};
/* End PBXContainerItemProxy section */

/* Begin PBXFileReference section */
		"Bolt::Bolt::Product" /* Bolt.framework */ = {isa = PBXFileReference; explicitFileType = wrapper.framework; path = Bolt.framework; sourceTree = BUILT_PRODUCTS_DIR; };
		OBJ_10 /* BoltClient.swift */ = {isa = PBXFileReference; lastKnownFileType = sourcecode.swift; path = BoltClient.swift; sourceTree = "<group>"; };
		OBJ_11 /* Response+TheoExtension.swift */ = {isa = PBXFileReference; lastKnownFileType = sourcecode.swift; path = "Response+TheoExtension.swift"; sourceTree = "<group>"; };
		OBJ_12 /* ClientProtocol.swift */ = {isa = PBXFileReference; lastKnownFileType = sourcecode.swift; path = ClientProtocol.swift; sourceTree = "<group>"; };
		OBJ_13 /* Cypher.swift */ = {isa = PBXFileReference; lastKnownFileType = sourcecode.swift; path = Cypher.swift; sourceTree = "<group>"; };
		OBJ_14 /* Node.swift */ = {isa = PBXFileReference; lastKnownFileType = sourcecode.swift; path = Node.swift; sourceTree = "<group>"; };
		OBJ_15 /* Relationship.swift */ = {isa = PBXFileReference; lastKnownFileType = sourcecode.swift; path = Relationship.swift; sourceTree = "<group>"; };
		OBJ_17 /* CypherMeta.swift */ = {isa = PBXFileReference; lastKnownFileType = sourcecode.swift; path = CypherMeta.swift; sourceTree = "<group>"; };
		OBJ_18 /* DBMeta.swift */ = {isa = PBXFileReference; lastKnownFileType = sourcecode.swift; path = DBMeta.swift; sourceTree = "<group>"; };
		OBJ_19 /* NodeMeta.swift */ = {isa = PBXFileReference; lastKnownFileType = sourcecode.swift; path = NodeMeta.swift; sourceTree = "<group>"; };
		OBJ_20 /* RelationshipMeta.swift */ = {isa = PBXFileReference; lastKnownFileType = sourcecode.swift; path = RelationshipMeta.swift; sourceTree = "<group>"; };
		OBJ_21 /* RestClient.swift */ = {isa = PBXFileReference; lastKnownFileType = sourcecode.swift; path = RestClient.swift; sourceTree = "<group>"; };
		OBJ_22 /* RestRequest.swift */ = {isa = PBXFileReference; lastKnownFileType = sourcecode.swift; path = RestRequest.swift; sourceTree = "<group>"; };
		OBJ_23 /* RestSession.swift */ = {isa = PBXFileReference; lastKnownFileType = sourcecode.swift; path = RestSession.swift; sourceTree = "<group>"; };
		OBJ_25 /* DecodableType.swift */ = {isa = PBXFileReference; lastKnownFileType = sourcecode.swift; path = DecodableType.swift; sourceTree = "<group>"; };
		OBJ_26 /* Dictionary+Extensions.swift */ = {isa = PBXFileReference; lastKnownFileType = sourcecode.swift; path = "Dictionary+Extensions.swift"; sourceTree = "<group>"; };
		OBJ_27 /* Errors.swift */ = {isa = PBXFileReference; lastKnownFileType = sourcecode.swift; path = Errors.swift; sourceTree = "<group>"; };
		OBJ_28 /* NSDictionary+Extensions.swift */ = {isa = PBXFileReference; lastKnownFileType = sourcecode.swift; path = "NSDictionary+Extensions.swift"; sourceTree = "<group>"; };
		OBJ_29 /* StringProtocol.swift */ = {isa = PBXFileReference; lastKnownFileType = sourcecode.swift; path = StringProtocol.swift; sourceTree = "<group>"; };
		OBJ_32 /* BoltConfig.swift */ = {isa = PBXFileReference; lastKnownFileType = sourcecode.swift; path = BoltConfig.swift; sourceTree = "<group>"; };
		OBJ_33 /* RestConfig.swift */ = {isa = PBXFileReference; lastKnownFileType = sourcecode.swift; path = RestConfig.swift; sourceTree = "<group>"; };
		OBJ_34 /* Theo_000_RestRequestTests.swift */ = {isa = PBXFileReference; lastKnownFileType = sourcecode.swift; path = Theo_000_RestRequestTests.swift; sourceTree = "<group>"; };
		OBJ_35 /* Theo_001_BoltClientTests.swift */ = {isa = PBXFileReference; lastKnownFileType = sourcecode.swift; path = Theo_001_BoltClientTests.swift; sourceTree = "<group>"; };
		OBJ_36 /* XCTestManifests.swift */ = {isa = PBXFileReference; lastKnownFileType = sourcecode.swift; path = XCTestManifests.swift; sourceTree = "<group>"; };
		OBJ_39 /* Package.swift */ = {isa = PBXFileReference; explicitFileType = sourcecode.swift; name = Package.swift; path = "/Users/niklas/Desktop/Desktop/Swift4/neo4j-ios/.build/checkouts/bolt-swift.git--5715968192649433534/Package.swift"; sourceTree = "<group>"; };
		OBJ_40 /* Connection.swift */ = {isa = PBXFileReference; lastKnownFileType = sourcecode.swift; path = Connection.swift; sourceTree = "<group>"; };
		OBJ_41 /* ConnectionSettings.swift */ = {isa = PBXFileReference; lastKnownFileType = sourcecode.swift; path = ConnectionSettings.swift; sourceTree = "<group>"; };
		OBJ_42 /* EncryptedSocket.swift */ = {isa = PBXFileReference; lastKnownFileType = sourcecode.swift; path = EncryptedSocket.swift; sourceTree = "<group>"; };
		OBJ_43 /* Request.swift */ = {isa = PBXFileReference; lastKnownFileType = sourcecode.swift; path = Request.swift; sourceTree = "<group>"; };
		OBJ_44 /* Response.swift */ = {isa = PBXFileReference; lastKnownFileType = sourcecode.swift; path = Response.swift; sourceTree = "<group>"; };
		OBJ_45 /* SSLConfiguration.swift */ = {isa = PBXFileReference; lastKnownFileType = sourcecode.swift; path = SSLConfiguration.swift; sourceTree = "<group>"; };
		OBJ_46 /* SSLKeyGeneratorConfig.swift */ = {isa = PBXFileReference; lastKnownFileType = sourcecode.swift; path = SSLKeyGeneratorConfig.swift; sourceTree = "<group>"; };
		OBJ_47 /* SocketProtocol.swift */ = {isa = PBXFileReference; lastKnownFileType = sourcecode.swift; path = SocketProtocol.swift; sourceTree = "<group>"; };
		OBJ_48 /* UnencryptedSocket.swift */ = {isa = PBXFileReference; lastKnownFileType = sourcecode.swift; path = UnencryptedSocket.swift; sourceTree = "<group>"; };
		OBJ_51 /* SSLService.swift */ = {isa = PBXFileReference; lastKnownFileType = sourcecode.swift; path = SSLService.swift; sourceTree = "<group>"; };
		OBJ_52 /* Package.swift */ = {isa = PBXFileReference; explicitFileType = sourcecode.swift; name = Package.swift; path = "/Users/niklas/Desktop/Desktop/Swift4/neo4j-ios/.build/checkouts/BlueSSLService.git--6577639804771281610/Package.swift"; sourceTree = "<group>"; };
		OBJ_55 /* Socket.swift */ = {isa = PBXFileReference; lastKnownFileType = sourcecode.swift; path = Socket.swift; sourceTree = "<group>"; };
		OBJ_56 /* SocketProtocols.swift */ = {isa = PBXFileReference; lastKnownFileType = sourcecode.swift; path = SocketProtocols.swift; sourceTree = "<group>"; };
		OBJ_57 /* SocketUtils.swift */ = {isa = PBXFileReference; lastKnownFileType = sourcecode.swift; path = SocketUtils.swift; sourceTree = "<group>"; };
		OBJ_58 /* Package.swift */ = {isa = PBXFileReference; explicitFileType = sourcecode.swift; name = Package.swift; path = "/Users/niklas/Desktop/Desktop/Swift4/neo4j-ios/.build/checkouts/BlueSocket.git-3162807777605905816/Package.swift"; sourceTree = "<group>"; };
		OBJ_6 /* Package.swift */ = {isa = PBXFileReference; explicitFileType = sourcecode.swift; path = Package.swift; sourceTree = "<group>"; };
		OBJ_60 /* Package.swift */ = {isa = PBXFileReference; explicitFileType = sourcecode.swift; name = Package.swift; path = "/Users/niklas/Desktop/Desktop/Swift4/neo4j-ios/.build/checkouts/PackStream-swift.git--4461297677851827838/Package.swift"; sourceTree = "<group>"; };
		OBJ_61 /* Bool.swift */ = {isa = PBXFileReference; lastKnownFileType = sourcecode.swift; path = Bool.swift; sourceTree = "<group>"; };
		OBJ_62 /* Float.swift */ = {isa = PBXFileReference; lastKnownFileType = sourcecode.swift; path = Float.swift; sourceTree = "<group>"; };
		OBJ_63 /* Int.swift */ = {isa = PBXFileReference; lastKnownFileType = sourcecode.swift; path = Int.swift; sourceTree = "<group>"; };
		OBJ_64 /* List.swift */ = {isa = PBXFileReference; lastKnownFileType = sourcecode.swift; path = List.swift; sourceTree = "<group>"; };
		OBJ_65 /* Map.swift */ = {isa = PBXFileReference; lastKnownFileType = sourcecode.swift; path = Map.swift; sourceTree = "<group>"; };
		OBJ_66 /* Null.swift */ = {isa = PBXFileReference; lastKnownFileType = sourcecode.swift; path = Null.swift; sourceTree = "<group>"; };
		OBJ_67 /* PackProtocol.swift */ = {isa = PBXFileReference; lastKnownFileType = sourcecode.swift; path = PackProtocol.swift; sourceTree = "<group>"; };
		OBJ_68 /* Packer.swift */ = {isa = PBXFileReference; lastKnownFileType = sourcecode.swift; path = Packer.swift; sourceTree = "<group>"; };
		OBJ_69 /* String.swift */ = {isa = PBXFileReference; lastKnownFileType = sourcecode.swift; path = String.swift; sourceTree = "<group>"; };
		OBJ_70 /* Structure.swift */ = {isa = PBXFileReference; lastKnownFileType = sourcecode.swift; path = Structure.swift; sourceTree = "<group>"; };
		"PackStream::PackStream::Product" /* PackStream.framework */ = {isa = PBXFileReference; explicitFileType = wrapper.framework; path = PackStream.framework; sourceTree = BUILT_PRODUCTS_DIR; };
		"SSLService::SSLService::Product" /* SSLService.framework */ = {isa = PBXFileReference; explicitFileType = wrapper.framework; path = SSLService.framework; sourceTree = BUILT_PRODUCTS_DIR; };
		"Socket::Socket::Product" /* Socket.framework */ = {isa = PBXFileReference; explicitFileType = wrapper.framework; path = Socket.framework; sourceTree = BUILT_PRODUCTS_DIR; };
		"Theo::Theo::Product" /* Theo.framework */ = {isa = PBXFileReference; explicitFileType = wrapper.framework; path = Theo.framework; sourceTree = BUILT_PRODUCTS_DIR; };
		"Theo::TheoTests::Product" /* TheoTests.xctest */ = {isa = PBXFileReference; explicitFileType = wrapper.cfbundle; path = TheoTests.xctest; sourceTree = BUILT_PRODUCTS_DIR; };
/* End PBXFileReference section */

/* Begin PBXFrameworksBuildPhase section */
		OBJ_118 /* Frameworks */ = {
			isa = PBXFrameworksBuildPhase;
			buildActionMask = 0;
			files = (
				OBJ_119 /* Theo.framework in Frameworks */,
				OBJ_120 /* Bolt.framework in Frameworks */,
				OBJ_121 /* SSLService.framework in Frameworks */,
				OBJ_122 /* Socket.framework in Frameworks */,
				OBJ_123 /* PackStream.framework in Frameworks */,
			);
			runOnlyForDeploymentPostprocessing = 0;
		};
		OBJ_156 /* Frameworks */ = {
			isa = PBXFrameworksBuildPhase;
			buildActionMask = 0;
			files = (
				OBJ_157 /* Bolt.framework in Frameworks */,
				OBJ_158 /* SSLService.framework in Frameworks */,
				OBJ_159 /* Socket.framework in Frameworks */,
				OBJ_160 /* PackStream.framework in Frameworks */,
			);
			runOnlyForDeploymentPostprocessing = 0;
		};
		OBJ_178 /* Frameworks */ = {
			isa = PBXFrameworksBuildPhase;
			buildActionMask = 0;
			files = (
				OBJ_179 /* SSLService.framework in Frameworks */,
				OBJ_180 /* Socket.framework in Frameworks */,
				OBJ_181 /* PackStream.framework in Frameworks */,
			);
			runOnlyForDeploymentPostprocessing = 0;
		};
		OBJ_190 /* Frameworks */ = {
			isa = PBXFrameworksBuildPhase;
			buildActionMask = 0;
			files = (
				OBJ_191 /* Socket.framework in Frameworks */,
			);
			runOnlyForDeploymentPostprocessing = 0;
		};
		OBJ_200 /* Frameworks */ = {
			isa = PBXFrameworksBuildPhase;
			buildActionMask = 0;
			files = (
			);
			runOnlyForDeploymentPostprocessing = 0;
		};
		OBJ_215 /* Frameworks */ = {
			isa = PBXFrameworksBuildPhase;
			buildActionMask = 0;
			files = (
			);
			runOnlyForDeploymentPostprocessing = 0;
		};
/* End PBXFrameworksBuildPhase section */

/* Begin PBXGroup section */
		OBJ_16 /* Rest */ = {
			isa = PBXGroup;
			children = (
				OBJ_17 /* CypherMeta.swift */,
				OBJ_18 /* DBMeta.swift */,
				OBJ_19 /* NodeMeta.swift */,
				OBJ_20 /* RelationshipMeta.swift */,
				OBJ_21 /* RestClient.swift */,
				OBJ_22 /* RestRequest.swift */,
				OBJ_23 /* RestSession.swift */,
			);
			path = Rest;
			sourceTree = "<group>";
		};
		OBJ_24 /* Support */ = {
			isa = PBXGroup;
			children = (
				OBJ_25 /* DecodableType.swift */,
				OBJ_26 /* Dictionary+Extensions.swift */,
				OBJ_27 /* Errors.swift */,
				OBJ_28 /* NSDictionary+Extensions.swift */,
				OBJ_29 /* StringProtocol.swift */,
			);
			path = Support;
			sourceTree = "<group>";
		};
		OBJ_30 /* Tests */ = {
			isa = PBXGroup;
			children = (
				OBJ_31 /* TheoTests */,
			);
			name = Tests;
			sourceTree = SOURCE_ROOT;
		};
		OBJ_31 /* TheoTests */ = {
			isa = PBXGroup;
			children = (
				OBJ_32 /* BoltConfig.swift */,
				OBJ_33 /* RestConfig.swift */,
				OBJ_34 /* Theo_000_RestRequestTests.swift */,
				OBJ_35 /* Theo_001_BoltClientTests.swift */,
				OBJ_36 /* XCTestManifests.swift */,
			);
			name = TheoTests;
			path = Tests/TheoTests;
			sourceTree = SOURCE_ROOT;
		};
		OBJ_37 /* Dependencies */ = {
			isa = PBXGroup;
			children = (
				OBJ_38 /* Bolt 0.9.1 */,
				OBJ_49 /* SSLService 0.12.59 */,
				OBJ_53 /* Socket 0.12.72 */,
				OBJ_59 /* PackStream 0.9.4 */,
			);
			name = Dependencies;
			sourceTree = "<group>";
		};
		OBJ_38 /* Bolt 0.9.1 */ = {
			isa = PBXGroup;
			children = (
				OBJ_39 /* Package.swift */,
				OBJ_40 /* Connection.swift */,
				OBJ_41 /* ConnectionSettings.swift */,
				OBJ_42 /* EncryptedSocket.swift */,
				OBJ_43 /* Request.swift */,
				OBJ_44 /* Response.swift */,
				OBJ_45 /* SSLConfiguration.swift */,
				OBJ_46 /* SSLKeyGeneratorConfig.swift */,
				OBJ_47 /* SocketProtocol.swift */,
				OBJ_48 /* UnencryptedSocket.swift */,
			);
			name = "Bolt 0.9.1";
			path = ".build/checkouts/bolt-swift.git--5715968192649433534/Sources";
			sourceTree = SOURCE_ROOT;
		};
		OBJ_49 /* SSLService 0.12.59 */ = {
			isa = PBXGroup;
			children = (
				OBJ_50 /* SSLService */,
				OBJ_52 /* Package.swift */,
			);
			name = "SSLService 0.12.59";
			sourceTree = SOURCE_ROOT;
		};
		OBJ_5 = {
			isa = PBXGroup;
			children = (
				OBJ_6 /* Package.swift */,
				OBJ_7 /* Sources */,
				OBJ_30 /* Tests */,
				OBJ_37 /* Dependencies */,
				OBJ_71 /* Products */,
			);
			sourceTree = "<group>";
		};
		OBJ_50 /* SSLService */ = {
			isa = PBXGroup;
			children = (
				OBJ_51 /* SSLService.swift */,
			);
			name = SSLService;
			path = ".build/checkouts/BlueSSLService.git--6577639804771281610/Sources/SSLService";
			sourceTree = SOURCE_ROOT;
		};
		OBJ_53 /* Socket 0.12.72 */ = {
			isa = PBXGroup;
			children = (
				OBJ_54 /* Socket */,
				OBJ_58 /* Package.swift */,
			);
			name = "Socket 0.12.72";
			sourceTree = SOURCE_ROOT;
		};
		OBJ_54 /* Socket */ = {
			isa = PBXGroup;
			children = (
				OBJ_55 /* Socket.swift */,
				OBJ_56 /* SocketProtocols.swift */,
				OBJ_57 /* SocketUtils.swift */,
			);
			name = Socket;
			path = ".build/checkouts/BlueSocket.git-3162807777605905816/Sources/Socket";
			sourceTree = SOURCE_ROOT;
		};
		OBJ_59 /* PackStream 0.9.4 */ = {
			isa = PBXGroup;
			children = (
				OBJ_60 /* Package.swift */,
				OBJ_61 /* Bool.swift */,
				OBJ_62 /* Float.swift */,
				OBJ_63 /* Int.swift */,
				OBJ_64 /* List.swift */,
				OBJ_65 /* Map.swift */,
				OBJ_66 /* Null.swift */,
				OBJ_67 /* PackProtocol.swift */,
				OBJ_68 /* Packer.swift */,
				OBJ_69 /* String.swift */,
				OBJ_70 /* Structure.swift */,
			);
			name = "PackStream 0.9.4";
			path = ".build/checkouts/PackStream-swift.git--4461297677851827838/Sources";
			sourceTree = SOURCE_ROOT;
		};
		OBJ_7 /* Sources */ = {
			isa = PBXGroup;
			children = (
				OBJ_8 /* Theo */,
			);
			name = Sources;
			sourceTree = SOURCE_ROOT;
		};
		OBJ_71 /* Products */ = {
			isa = PBXGroup;
			children = (
				"Theo::TheoTests::Product" /* TheoTests.xctest */,
				"Theo::Theo::Product" /* Theo.framework */,
				"Bolt::Bolt::Product" /* Bolt.framework */,
				"SSLService::SSLService::Product" /* SSLService.framework */,
				"Socket::Socket::Product" /* Socket.framework */,
				"PackStream::PackStream::Product" /* PackStream.framework */,
			);
			name = Products;
			sourceTree = BUILT_PRODUCTS_DIR;
		};
		OBJ_8 /* Theo */ = {
			isa = PBXGroup;
			children = (
				OBJ_9 /* Bolt */,
				OBJ_12 /* ClientProtocol.swift */,
				OBJ_13 /* Cypher.swift */,
				OBJ_14 /* Node.swift */,
				OBJ_15 /* Relationship.swift */,
				OBJ_16 /* Rest */,
				OBJ_24 /* Support */,
			);
			name = Theo;
			path = Sources/Theo;
			sourceTree = SOURCE_ROOT;
		};
		OBJ_9 /* Bolt */ = {
			isa = PBXGroup;
			children = (
				OBJ_10 /* BoltClient.swift */,
				OBJ_11 /* Response+TheoExtension.swift */,
			);
			path = Bolt;
			sourceTree = "<group>";
		};
/* End PBXGroup section */

/* Begin PBXNativeTarget section */
		"Bolt::Bolt" /* Bolt */ = {
			isa = PBXNativeTarget;
			buildConfigurationList = OBJ_165 /* Build configuration list for PBXNativeTarget "Bolt" */;
			buildPhases = (
				OBJ_168 /* Sources */,
				OBJ_178 /* Frameworks */,
			);
			buildRules = (
			);
			dependencies = (
				OBJ_182 /* PBXTargetDependency */,
				OBJ_183 /* PBXTargetDependency */,
				OBJ_184 /* PBXTargetDependency */,
			);
			name = Bolt;
			productName = Bolt;
			productReference = "Bolt::Bolt::Product" /* Bolt.framework */;
			productType = "com.apple.product-type.framework";
		};
		"Bolt::SwiftPMPackageDescription" /* BoltPackageDescription */ = {
			isa = PBXNativeTarget;
			buildConfigurationList = OBJ_85 /* Build configuration list for PBXNativeTarget "BoltPackageDescription" */;
			buildPhases = (
				OBJ_88 /* Sources */,
			);
			buildRules = (
			);
			dependencies = (
			);
			name = BoltPackageDescription;
			productName = BoltPackageDescription;
			productType = "com.apple.product-type.framework";
		};
		"PackStream::PackStream" /* PackStream */ = {
			isa = PBXNativeTarget;
			buildConfigurationList = OBJ_201 /* Build configuration list for PBXNativeTarget "PackStream" */;
			buildPhases = (
				OBJ_204 /* Sources */,
				OBJ_215 /* Frameworks */,
			);
			buildRules = (
			);
			dependencies = (
			);
			name = PackStream;
			productName = PackStream;
			productReference = "PackStream::PackStream::Product" /* PackStream.framework */;
			productType = "com.apple.product-type.framework";
		};
		"PackStream::SwiftPMPackageDescription" /* PackStreamPackageDescription */ = {
			isa = PBXNativeTarget;
			buildConfigurationList = OBJ_103 /* Build configuration list for PBXNativeTarget "PackStreamPackageDescription" */;
			buildPhases = (
				OBJ_106 /* Sources */,
			);
			buildRules = (
			);
			dependencies = (
			);
			name = PackStreamPackageDescription;
			productName = PackStreamPackageDescription;
			productType = "com.apple.product-type.framework";
		};
		"SSLService::SSLService" /* SSLService */ = {
			isa = PBXNativeTarget;
			buildConfigurationList = OBJ_185 /* Build configuration list for PBXNativeTarget "SSLService" */;
			buildPhases = (
				OBJ_188 /* Sources */,
				OBJ_190 /* Frameworks */,
			);
			buildRules = (
			);
			dependencies = (
				OBJ_192 /* PBXTargetDependency */,
			);
			name = SSLService;
			productName = SSLService;
			productReference = "SSLService::SSLService::Product" /* SSLService.framework */;
			productType = "com.apple.product-type.framework";
		};
		"SSLService::SwiftPMPackageDescription" /* SSLServicePackageDescription */ = {
			isa = PBXNativeTarget;
			buildConfigurationList = OBJ_91 /* Build configuration list for PBXNativeTarget "SSLServicePackageDescription" */;
			buildPhases = (
				OBJ_94 /* Sources */,
			);
			buildRules = (
			);
			dependencies = (
			);
			name = SSLServicePackageDescription;
			productName = SSLServicePackageDescription;
			productType = "com.apple.product-type.framework";
		};
		"Socket::Socket" /* Socket */ = {
			isa = PBXNativeTarget;
			buildConfigurationList = OBJ_193 /* Build configuration list for PBXNativeTarget "Socket" */;
			buildPhases = (
				OBJ_196 /* Sources */,
				OBJ_200 /* Frameworks */,
			);
			buildRules = (
			);
			dependencies = (
			);
			name = Socket;
			productName = Socket;
			productReference = "Socket::Socket::Product" /* Socket.framework */;
			productType = "com.apple.product-type.framework";
		};
		"Socket::SwiftPMPackageDescription" /* SocketPackageDescription */ = {
			isa = PBXNativeTarget;
			buildConfigurationList = OBJ_97 /* Build configuration list for PBXNativeTarget "SocketPackageDescription" */;
			buildPhases = (
				OBJ_100 /* Sources */,
			);
			buildRules = (
			);
			dependencies = (
			);
			name = SocketPackageDescription;
			productName = SocketPackageDescription;
			productType = "com.apple.product-type.framework";
		};
		"Theo::SwiftPMPackageDescription" /* TheoPackageDescription */ = {
			isa = PBXNativeTarget;
			buildConfigurationList = OBJ_79 /* Build configuration list for PBXNativeTarget "TheoPackageDescription" */;
			buildPhases = (
				OBJ_82 /* Sources */,
			);
			buildRules = (
			);
			dependencies = (
			);
			name = TheoPackageDescription;
			productName = TheoPackageDescription;
			productType = "com.apple.product-type.framework";
		};
		"Theo::Theo" /* Theo */ = {
			isa = PBXNativeTarget;
			buildConfigurationList = OBJ_134 /* Build configuration list for PBXNativeTarget "Theo" */;
			buildPhases = (
				OBJ_137 /* Sources */,
				OBJ_156 /* Frameworks */,
			);
			buildRules = (
			);
			dependencies = (
				OBJ_161 /* PBXTargetDependency */,
				OBJ_162 /* PBXTargetDependency */,
				OBJ_163 /* PBXTargetDependency */,
				OBJ_164 /* PBXTargetDependency */,
			);
			name = Theo;
			productName = Theo;
			productReference = "Theo::Theo::Product" /* Theo.framework */;
			productType = "com.apple.product-type.framework";
		};
		"Theo::TheoTests" /* TheoTests */ = {
			isa = PBXNativeTarget;
			buildConfigurationList = OBJ_109 /* Build configuration list for PBXNativeTarget "TheoTests" */;
			buildPhases = (
				OBJ_112 /* Sources */,
				OBJ_118 /* Frameworks */,
			);
			buildRules = (
			);
			dependencies = (
				OBJ_124 /* PBXTargetDependency */,
				OBJ_126 /* PBXTargetDependency */,
				OBJ_128 /* PBXTargetDependency */,
				OBJ_130 /* PBXTargetDependency */,
				OBJ_132 /* PBXTargetDependency */,
			);
			name = TheoTests;
			productName = TheoTests;
			productReference = "Theo::TheoTests::Product" /* TheoTests.xctest */;
			productType = "com.apple.product-type.bundle.unit-test";
		};
/* End PBXNativeTarget section */

/* Begin PBXProject section */
		OBJ_1 /* Project object */ = {
			isa = PBXProject;
			attributes = {
				LastUpgradeCheck = 9999;
			};
			buildConfigurationList = OBJ_2 /* Build configuration list for PBXProject "Theo" */;
			compatibilityVersion = "Xcode 3.2";
			developmentRegion = English;
			hasScannedForEncodings = 0;
			knownRegions = (
				en,
			);
			mainGroup = OBJ_5;
			productRefGroup = OBJ_71 /* Products */;
			projectDirPath = "";
			projectRoot = "";
			targets = (
				"Theo::SwiftPMPackageDescription" /* TheoPackageDescription */,
				"Bolt::SwiftPMPackageDescription" /* BoltPackageDescription */,
				"SSLService::SwiftPMPackageDescription" /* SSLServicePackageDescription */,
				"Socket::SwiftPMPackageDescription" /* SocketPackageDescription */,
				"PackStream::SwiftPMPackageDescription" /* PackStreamPackageDescription */,
				"Theo::TheoTests" /* TheoTests */,
				"Theo::Theo" /* Theo */,
				"Bolt::Bolt" /* Bolt */,
				"SSLService::SSLService" /* SSLService */,
				"Socket::Socket" /* Socket */,
				"PackStream::PackStream" /* PackStream */,
				"Theo::TheoPackageTests::ProductTarget" /* TheoPackageTests */,
			);
		};
/* End PBXProject section */

/* Begin PBXSourcesBuildPhase section */
		OBJ_100 /* Sources */ = {
			isa = PBXSourcesBuildPhase;
			buildActionMask = 0;
			files = (
				OBJ_101 /* Package.swift in Sources */,
			);
			runOnlyForDeploymentPostprocessing = 0;
		};
		OBJ_106 /* Sources */ = {
			isa = PBXSourcesBuildPhase;
			buildActionMask = 0;
			files = (
				OBJ_107 /* Package.swift in Sources */,
			);
			runOnlyForDeploymentPostprocessing = 0;
		};
		OBJ_112 /* Sources */ = {
			isa = PBXSourcesBuildPhase;
			buildActionMask = 0;
			files = (
				OBJ_113 /* BoltConfig.swift in Sources */,
				OBJ_114 /* RestConfig.swift in Sources */,
				OBJ_115 /* Theo_000_RestRequestTests.swift in Sources */,
				OBJ_116 /* Theo_001_BoltClientTests.swift in Sources */,
				OBJ_117 /* XCTestManifests.swift in Sources */,
			);
			runOnlyForDeploymentPostprocessing = 0;
		};
		OBJ_137 /* Sources */ = {
			isa = PBXSourcesBuildPhase;
			buildActionMask = 0;
			files = (
				OBJ_138 /* BoltClient.swift in Sources */,
				OBJ_139 /* Response+TheoExtension.swift in Sources */,
				OBJ_140 /* ClientProtocol.swift in Sources */,
				OBJ_141 /* Cypher.swift in Sources */,
				OBJ_142 /* Node.swift in Sources */,
				OBJ_143 /* Relationship.swift in Sources */,
				OBJ_144 /* CypherMeta.swift in Sources */,
				OBJ_145 /* DBMeta.swift in Sources */,
				OBJ_146 /* NodeMeta.swift in Sources */,
				OBJ_147 /* RelationshipMeta.swift in Sources */,
				OBJ_148 /* RestClient.swift in Sources */,
				OBJ_149 /* RestRequest.swift in Sources */,
				OBJ_150 /* RestSession.swift in Sources */,
				OBJ_151 /* DecodableType.swift in Sources */,
				OBJ_152 /* Dictionary+Extensions.swift in Sources */,
				OBJ_153 /* Errors.swift in Sources */,
				OBJ_154 /* NSDictionary+Extensions.swift in Sources */,
				OBJ_155 /* StringProtocol.swift in Sources */,
			);
			runOnlyForDeploymentPostprocessing = 0;
		};
		OBJ_168 /* Sources */ = {
			isa = PBXSourcesBuildPhase;
			buildActionMask = 0;
			files = (
				OBJ_169 /* Connection.swift in Sources */,
				OBJ_170 /* ConnectionSettings.swift in Sources */,
				OBJ_171 /* EncryptedSocket.swift in Sources */,
				OBJ_172 /* Request.swift in Sources */,
				OBJ_173 /* Response.swift in Sources */,
				OBJ_174 /* SSLConfiguration.swift in Sources */,
				OBJ_175 /* SSLKeyGeneratorConfig.swift in Sources */,
				OBJ_176 /* SocketProtocol.swift in Sources */,
				OBJ_177 /* UnencryptedSocket.swift in Sources */,
			);
			runOnlyForDeploymentPostprocessing = 0;
		};
		OBJ_188 /* Sources */ = {
			isa = PBXSourcesBuildPhase;
			buildActionMask = 0;
			files = (
				OBJ_189 /* SSLService.swift in Sources */,
			);
			runOnlyForDeploymentPostprocessing = 0;
		};
		OBJ_196 /* Sources */ = {
			isa = PBXSourcesBuildPhase;
			buildActionMask = 0;
			files = (
				OBJ_197 /* Socket.swift in Sources */,
				OBJ_198 /* SocketProtocols.swift in Sources */,
				OBJ_199 /* SocketUtils.swift in Sources */,
			);
			runOnlyForDeploymentPostprocessing = 0;
		};
		OBJ_204 /* Sources */ = {
			isa = PBXSourcesBuildPhase;
			buildActionMask = 0;
			files = (
				OBJ_205 /* Bool.swift in Sources */,
				OBJ_206 /* Float.swift in Sources */,
				OBJ_207 /* Int.swift in Sources */,
				OBJ_208 /* List.swift in Sources */,
				OBJ_209 /* Map.swift in Sources */,
				OBJ_210 /* Null.swift in Sources */,
				OBJ_211 /* PackProtocol.swift in Sources */,
				OBJ_212 /* Packer.swift in Sources */,
				OBJ_213 /* String.swift in Sources */,
				OBJ_214 /* Structure.swift in Sources */,
			);
			runOnlyForDeploymentPostprocessing = 0;
		};
		OBJ_82 /* Sources */ = {
			isa = PBXSourcesBuildPhase;
			buildActionMask = 0;
			files = (
				OBJ_83 /* Package.swift in Sources */,
			);
			runOnlyForDeploymentPostprocessing = 0;
		};
		OBJ_88 /* Sources */ = {
			isa = PBXSourcesBuildPhase;
			buildActionMask = 0;
			files = (
				OBJ_89 /* Package.swift in Sources */,
			);
			runOnlyForDeploymentPostprocessing = 0;
		};
		OBJ_94 /* Sources */ = {
			isa = PBXSourcesBuildPhase;
			buildActionMask = 0;
			files = (
				OBJ_95 /* Package.swift in Sources */,
			);
			runOnlyForDeploymentPostprocessing = 0;
		};
/* End PBXSourcesBuildPhase section */

/* Begin PBXTargetDependency section */
		OBJ_124 /* PBXTargetDependency */ = {
			isa = PBXTargetDependency;
			target = "Theo::Theo" /* Theo */;
			targetProxy = 853E0CF31F8D1BFA00531396 /* PBXContainerItemProxy */;
		};
		OBJ_126 /* PBXTargetDependency */ = {
			isa = PBXTargetDependency;
			target = "Bolt::Bolt" /* Bolt */;
			targetProxy = 853E0CF41F8D1BFA00531396 /* PBXContainerItemProxy */;
		};
		OBJ_128 /* PBXTargetDependency */ = {
			isa = PBXTargetDependency;
			target = "SSLService::SSLService" /* SSLService */;
			targetProxy = 853E0CF51F8D1BFA00531396 /* PBXContainerItemProxy */;
		};
		OBJ_130 /* PBXTargetDependency */ = {
			isa = PBXTargetDependency;
			target = "Socket::Socket" /* Socket */;
			targetProxy = 853E0CF61F8D1BFA00531396 /* PBXContainerItemProxy */;
		};
		OBJ_132 /* PBXTargetDependency */ = {
			isa = PBXTargetDependency;
			target = "PackStream::PackStream" /* PackStream */;
			targetProxy = 853E0CF71F8D1BFA00531396 /* PBXContainerItemProxy */;
		};
		OBJ_161 /* PBXTargetDependency */ = {
			isa = PBXTargetDependency;
			target = "Bolt::Bolt" /* Bolt */;
			targetProxy = 853E0CEF1F8D1BFA00531396 /* PBXContainerItemProxy */;
		};
		OBJ_162 /* PBXTargetDependency */ = {
			isa = PBXTargetDependency;
			target = "SSLService::SSLService" /* SSLService */;
			targetProxy = 853E0CF01F8D1BFA00531396 /* PBXContainerItemProxy */;
		};
		OBJ_163 /* PBXTargetDependency */ = {
			isa = PBXTargetDependency;
			target = "Socket::Socket" /* Socket */;
			targetProxy = 853E0CF11F8D1BFA00531396 /* PBXContainerItemProxy */;
		};
		OBJ_164 /* PBXTargetDependency */ = {
			isa = PBXTargetDependency;
			target = "PackStream::PackStream" /* PackStream */;
			targetProxy = 853E0CF21F8D1BFA00531396 /* PBXContainerItemProxy */;
		};
		OBJ_182 /* PBXTargetDependency */ = {
			isa = PBXTargetDependency;
			target = "SSLService::SSLService" /* SSLService */;
			targetProxy = 853E0CEC1F8D1BFA00531396 /* PBXContainerItemProxy */;
		};
		OBJ_183 /* PBXTargetDependency */ = {
			isa = PBXTargetDependency;
			target = "Socket::Socket" /* Socket */;
			targetProxy = 853E0CED1F8D1BFA00531396 /* PBXContainerItemProxy */;
		};
		OBJ_184 /* PBXTargetDependency */ = {
			isa = PBXTargetDependency;
			target = "PackStream::PackStream" /* PackStream */;
			targetProxy = 853E0CEE1F8D1BFA00531396 /* PBXContainerItemProxy */;
		};
		OBJ_192 /* PBXTargetDependency */ = {
			isa = PBXTargetDependency;
			target = "Socket::Socket" /* Socket */;
			targetProxy = 853E0CEB1F8D1BFA00531396 /* PBXContainerItemProxy */;
		};
		OBJ_220 /* PBXTargetDependency */ = {
			isa = PBXTargetDependency;
			target = "Theo::TheoTests" /* TheoTests */;
			targetProxy = 853E0CF81F8D1BFC00531396 /* PBXContainerItemProxy */;
		};
/* End PBXTargetDependency section */

/* Begin XCBuildConfiguration section */
		OBJ_104 /* Debug */ = {
			isa = XCBuildConfiguration;
			buildSettings = {
				LD = /usr/bin/true;
				OTHER_SWIFT_FLAGS = "-I /Applications/Xcode.app/Contents/Developer/Toolchains/XcodeDefault.xctoolchain/usr/lib/swift/pm/3 -target x86_64-apple-macosx10.10 -sdk /Applications/Xcode.app/Contents/Developer/Platforms/MacOSX.platform/Developer/SDKs/MacOSX10.13.sdk";
				SWIFT_VERSION = 4.0;
			};
			name = Debug;
		};
		OBJ_105 /* Release */ = {
			isa = XCBuildConfiguration;
			buildSettings = {
				LD = /usr/bin/true;
				OTHER_SWIFT_FLAGS = "-I /Applications/Xcode.app/Contents/Developer/Toolchains/XcodeDefault.xctoolchain/usr/lib/swift/pm/3 -target x86_64-apple-macosx10.10 -sdk /Applications/Xcode.app/Contents/Developer/Platforms/MacOSX.platform/Developer/SDKs/MacOSX10.13.sdk";
				SWIFT_VERSION = 4.0;
			};
			name = Release;
		};
		OBJ_110 /* Debug */ = {
			isa = XCBuildConfiguration;
			buildSettings = {
				EMBEDDED_CONTENT_CONTAINS_SWIFT = YES;
				FRAMEWORK_SEARCH_PATHS = (
					"$(inherited)",
					"$(PLATFORM_DIR)/Developer/Library/Frameworks",
				);
				HEADER_SEARCH_PATHS = "$(inherited)";
				INFOPLIST_FILE = Theo.xcodeproj/TheoTests_Info.plist;
				LD_RUNPATH_SEARCH_PATHS = "@loader_path/../Frameworks @loader_path/Frameworks";
				OTHER_LDFLAGS = "$(inherited)";
				OTHER_SWIFT_FLAGS = "$(inherited)";
				SWIFT_VERSION = 4.0;
				TARGET_NAME = TheoTests;
			};
			name = Debug;
		};
		OBJ_111 /* Release */ = {
			isa = XCBuildConfiguration;
			buildSettings = {
				EMBEDDED_CONTENT_CONTAINS_SWIFT = YES;
				FRAMEWORK_SEARCH_PATHS = (
					"$(inherited)",
					"$(PLATFORM_DIR)/Developer/Library/Frameworks",
				);
				HEADER_SEARCH_PATHS = "$(inherited)";
				INFOPLIST_FILE = Theo.xcodeproj/TheoTests_Info.plist;
				LD_RUNPATH_SEARCH_PATHS = "@loader_path/../Frameworks @loader_path/Frameworks";
				OTHER_LDFLAGS = "$(inherited)";
				OTHER_SWIFT_FLAGS = "$(inherited)";
				SWIFT_VERSION = 4.0;
				TARGET_NAME = TheoTests;
			};
			name = Release;
		};
		OBJ_135 /* Debug */ = {
			isa = XCBuildConfiguration;
			buildSettings = {
				ENABLE_TESTABILITY = YES;
				FRAMEWORK_SEARCH_PATHS = (
					"$(inherited)",
					"$(PLATFORM_DIR)/Developer/Library/Frameworks",
				);
				HEADER_SEARCH_PATHS = "$(inherited)";
				INFOPLIST_FILE = Theo.xcodeproj/Theo_Info.plist;
				LD_RUNPATH_SEARCH_PATHS = "$(TOOLCHAIN_DIR)/usr/lib/swift/macosx";
				OTHER_LDFLAGS = "$(inherited)";
				OTHER_SWIFT_FLAGS = "$(inherited)";
				PRODUCT_BUNDLE_IDENTIFIER = Theo;
				PRODUCT_MODULE_NAME = "$(TARGET_NAME:c99extidentifier)";
				PRODUCT_NAME = "$(TARGET_NAME:c99extidentifier)";
				SKIP_INSTALL = YES;
				SWIFT_VERSION = 4.0;
				TARGET_NAME = Theo;
			};
			name = Debug;
		};
		OBJ_136 /* Release */ = {
			isa = XCBuildConfiguration;
			buildSettings = {
				ENABLE_TESTABILITY = YES;
				FRAMEWORK_SEARCH_PATHS = (
					"$(inherited)",
					"$(PLATFORM_DIR)/Developer/Library/Frameworks",
				);
				HEADER_SEARCH_PATHS = "$(inherited)";
				INFOPLIST_FILE = Theo.xcodeproj/Theo_Info.plist;
				LD_RUNPATH_SEARCH_PATHS = "$(TOOLCHAIN_DIR)/usr/lib/swift/macosx";
				OTHER_LDFLAGS = "$(inherited)";
				OTHER_SWIFT_FLAGS = "$(inherited)";
				PRODUCT_BUNDLE_IDENTIFIER = Theo;
				PRODUCT_MODULE_NAME = "$(TARGET_NAME:c99extidentifier)";
				PRODUCT_NAME = "$(TARGET_NAME:c99extidentifier)";
				SKIP_INSTALL = YES;
				SWIFT_VERSION = 4.0;
				TARGET_NAME = Theo;
			};
			name = Release;
		};
		OBJ_166 /* Debug */ = {
			isa = XCBuildConfiguration;
			buildSettings = {
				ENABLE_TESTABILITY = YES;
				FRAMEWORK_SEARCH_PATHS = (
					"$(inherited)",
					"$(PLATFORM_DIR)/Developer/Library/Frameworks",
				);
				HEADER_SEARCH_PATHS = "$(inherited)";
				INFOPLIST_FILE = Theo.xcodeproj/Bolt_Info.plist;
				LD_RUNPATH_SEARCH_PATHS = "$(TOOLCHAIN_DIR)/usr/lib/swift/macosx";
				OTHER_LDFLAGS = "$(inherited)";
				OTHER_SWIFT_FLAGS = "$(inherited)";
				PRODUCT_BUNDLE_IDENTIFIER = Bolt;
				PRODUCT_MODULE_NAME = "$(TARGET_NAME:c99extidentifier)";
				PRODUCT_NAME = "$(TARGET_NAME:c99extidentifier)";
				SKIP_INSTALL = YES;
				SWIFT_VERSION = 4.0;
				TARGET_NAME = Bolt;
			};
			name = Debug;
		};
		OBJ_167 /* Release */ = {
			isa = XCBuildConfiguration;
			buildSettings = {
				ENABLE_TESTABILITY = YES;
				FRAMEWORK_SEARCH_PATHS = (
					"$(inherited)",
					"$(PLATFORM_DIR)/Developer/Library/Frameworks",
				);
				HEADER_SEARCH_PATHS = "$(inherited)";
				INFOPLIST_FILE = Theo.xcodeproj/Bolt_Info.plist;
				LD_RUNPATH_SEARCH_PATHS = "$(TOOLCHAIN_DIR)/usr/lib/swift/macosx";
				OTHER_LDFLAGS = "$(inherited)";
				OTHER_SWIFT_FLAGS = "$(inherited)";
				PRODUCT_BUNDLE_IDENTIFIER = Bolt;
				PRODUCT_MODULE_NAME = "$(TARGET_NAME:c99extidentifier)";
				PRODUCT_NAME = "$(TARGET_NAME:c99extidentifier)";
				SKIP_INSTALL = YES;
				SWIFT_VERSION = 4.0;
				TARGET_NAME = Bolt;
			};
			name = Release;
		};
		OBJ_186 /* Debug */ = {
			isa = XCBuildConfiguration;
			buildSettings = {
				ENABLE_TESTABILITY = YES;
				FRAMEWORK_SEARCH_PATHS = (
					"$(inherited)",
					"$(PLATFORM_DIR)/Developer/Library/Frameworks",
				);
				HEADER_SEARCH_PATHS = "$(inherited)";
				INFOPLIST_FILE = Theo.xcodeproj/SSLService_Info.plist;
				LD_RUNPATH_SEARCH_PATHS = "$(TOOLCHAIN_DIR)/usr/lib/swift/macosx";
				OTHER_LDFLAGS = "$(inherited)";
				OTHER_SWIFT_FLAGS = "$(inherited)";
				PRODUCT_BUNDLE_IDENTIFIER = SSLService;
				PRODUCT_MODULE_NAME = "$(TARGET_NAME:c99extidentifier)";
				PRODUCT_NAME = "$(TARGET_NAME:c99extidentifier)";
				SKIP_INSTALL = YES;
				SWIFT_VERSION = 4.0;
				TARGET_NAME = SSLService;
			};
			name = Debug;
		};
		OBJ_187 /* Release */ = {
			isa = XCBuildConfiguration;
			buildSettings = {
				ENABLE_TESTABILITY = YES;
				FRAMEWORK_SEARCH_PATHS = (
					"$(inherited)",
					"$(PLATFORM_DIR)/Developer/Library/Frameworks",
				);
				HEADER_SEARCH_PATHS = "$(inherited)";
				INFOPLIST_FILE = Theo.xcodeproj/SSLService_Info.plist;
				LD_RUNPATH_SEARCH_PATHS = "$(TOOLCHAIN_DIR)/usr/lib/swift/macosx";
				OTHER_LDFLAGS = "$(inherited)";
				OTHER_SWIFT_FLAGS = "$(inherited)";
				PRODUCT_BUNDLE_IDENTIFIER = SSLService;
				PRODUCT_MODULE_NAME = "$(TARGET_NAME:c99extidentifier)";
				PRODUCT_NAME = "$(TARGET_NAME:c99extidentifier)";
				SKIP_INSTALL = YES;
				SWIFT_VERSION = 4.0;
				TARGET_NAME = SSLService;
			};
			name = Release;
		};
		OBJ_194 /* Debug */ = {
			isa = XCBuildConfiguration;
			buildSettings = {
				ENABLE_TESTABILITY = YES;
				FRAMEWORK_SEARCH_PATHS = (
					"$(inherited)",
					"$(PLATFORM_DIR)/Developer/Library/Frameworks",
				);
				HEADER_SEARCH_PATHS = "$(inherited)";
				INFOPLIST_FILE = Theo.xcodeproj/Socket_Info.plist;
				LD_RUNPATH_SEARCH_PATHS = "$(TOOLCHAIN_DIR)/usr/lib/swift/macosx";
				OTHER_LDFLAGS = "$(inherited)";
				OTHER_SWIFT_FLAGS = "$(inherited)";
				PRODUCT_BUNDLE_IDENTIFIER = Socket;
				PRODUCT_MODULE_NAME = "$(TARGET_NAME:c99extidentifier)";
				PRODUCT_NAME = "$(TARGET_NAME:c99extidentifier)";
				SKIP_INSTALL = YES;
				SWIFT_VERSION = 4.0;
				TARGET_NAME = Socket;
			};
			name = Debug;
		};
		OBJ_195 /* Release */ = {
			isa = XCBuildConfiguration;
			buildSettings = {
				ENABLE_TESTABILITY = YES;
				FRAMEWORK_SEARCH_PATHS = (
					"$(inherited)",
					"$(PLATFORM_DIR)/Developer/Library/Frameworks",
				);
				HEADER_SEARCH_PATHS = "$(inherited)";
				INFOPLIST_FILE = Theo.xcodeproj/Socket_Info.plist;
				LD_RUNPATH_SEARCH_PATHS = "$(TOOLCHAIN_DIR)/usr/lib/swift/macosx";
				OTHER_LDFLAGS = "$(inherited)";
				OTHER_SWIFT_FLAGS = "$(inherited)";
				PRODUCT_BUNDLE_IDENTIFIER = Socket;
				PRODUCT_MODULE_NAME = "$(TARGET_NAME:c99extidentifier)";
				PRODUCT_NAME = "$(TARGET_NAME:c99extidentifier)";
				SKIP_INSTALL = YES;
				SWIFT_VERSION = 4.0;
				TARGET_NAME = Socket;
			};
			name = Release;
		};
		OBJ_202 /* Debug */ = {
			isa = XCBuildConfiguration;
			buildSettings = {
				ENABLE_TESTABILITY = YES;
				FRAMEWORK_SEARCH_PATHS = (
					"$(inherited)",
					"$(PLATFORM_DIR)/Developer/Library/Frameworks",
				);
				HEADER_SEARCH_PATHS = "$(inherited)";
				INFOPLIST_FILE = Theo.xcodeproj/PackStream_Info.plist;
				LD_RUNPATH_SEARCH_PATHS = "$(TOOLCHAIN_DIR)/usr/lib/swift/macosx";
				OTHER_LDFLAGS = "$(inherited)";
				OTHER_SWIFT_FLAGS = "$(inherited)";
				PRODUCT_BUNDLE_IDENTIFIER = PackStream;
				PRODUCT_MODULE_NAME = "$(TARGET_NAME:c99extidentifier)";
				PRODUCT_NAME = "$(TARGET_NAME:c99extidentifier)";
				SKIP_INSTALL = YES;
				SWIFT_VERSION = 4.0;
				TARGET_NAME = PackStream;
			};
			name = Debug;
		};
		OBJ_203 /* Release */ = {
			isa = XCBuildConfiguration;
			buildSettings = {
				ENABLE_TESTABILITY = YES;
				FRAMEWORK_SEARCH_PATHS = (
					"$(inherited)",
					"$(PLATFORM_DIR)/Developer/Library/Frameworks",
				);
				HEADER_SEARCH_PATHS = "$(inherited)";
				INFOPLIST_FILE = Theo.xcodeproj/PackStream_Info.plist;
				LD_RUNPATH_SEARCH_PATHS = "$(TOOLCHAIN_DIR)/usr/lib/swift/macosx";
				OTHER_LDFLAGS = "$(inherited)";
				OTHER_SWIFT_FLAGS = "$(inherited)";
				PRODUCT_BUNDLE_IDENTIFIER = PackStream;
				PRODUCT_MODULE_NAME = "$(TARGET_NAME:c99extidentifier)";
				PRODUCT_NAME = "$(TARGET_NAME:c99extidentifier)";
				SKIP_INSTALL = YES;
				SWIFT_VERSION = 4.0;
				TARGET_NAME = PackStream;
			};
			name = Release;
		};
		OBJ_218 /* Debug */ = {
			isa = XCBuildConfiguration;
			buildSettings = {
			};
			name = Debug;
		};
		OBJ_219 /* Release */ = {
			isa = XCBuildConfiguration;
			buildSettings = {
			};
			name = Release;
		};
		OBJ_3 /* Debug */ = {
			isa = XCBuildConfiguration;
			buildSettings = {
				CLANG_ENABLE_OBJC_ARC = YES;
				COMBINE_HIDPI_IMAGES = YES;
				COPY_PHASE_STRIP = NO;
				DEBUG_INFORMATION_FORMAT = dwarf;
				DYLIB_INSTALL_NAME_BASE = "@rpath";
				ENABLE_NS_ASSERTIONS = YES;
				GCC_OPTIMIZATION_LEVEL = 0;
				MACOSX_DEPLOYMENT_TARGET = 10.10;
				ONLY_ACTIVE_ARCH = YES;
				OTHER_SWIFT_FLAGS = "-DXcode";
				PRODUCT_NAME = "$(TARGET_NAME)";
				SDKROOT = macosx;
				SUPPORTED_PLATFORMS = "macosx iphoneos iphonesimulator appletvos appletvsimulator watchos watchsimulator";
				SWIFT_ACTIVE_COMPILATION_CONDITIONS = SWIFT_PACKAGE;
				SWIFT_OPTIMIZATION_LEVEL = "-Onone";
				USE_HEADERMAP = NO;
			};
			name = Debug;
		};
		OBJ_4 /* Release */ = {
			isa = XCBuildConfiguration;
			buildSettings = {
				CLANG_ENABLE_OBJC_ARC = YES;
				COMBINE_HIDPI_IMAGES = YES;
				COPY_PHASE_STRIP = YES;
				DEBUG_INFORMATION_FORMAT = "dwarf-with-dsym";
				DYLIB_INSTALL_NAME_BASE = "@rpath";
				GCC_OPTIMIZATION_LEVEL = s;
				MACOSX_DEPLOYMENT_TARGET = 10.10;
				OTHER_SWIFT_FLAGS = "-DXcode";
				PRODUCT_NAME = "$(TARGET_NAME)";
				SDKROOT = macosx;
				SUPPORTED_PLATFORMS = "macosx iphoneos iphonesimulator appletvos appletvsimulator watchos watchsimulator";
				SWIFT_ACTIVE_COMPILATION_CONDITIONS = SWIFT_PACKAGE;
				SWIFT_OPTIMIZATION_LEVEL = "-Owholemodule";
				USE_HEADERMAP = NO;
			};
			name = Release;
		};
		OBJ_80 /* Debug */ = {
			isa = XCBuildConfiguration;
			buildSettings = {
				LD = /usr/bin/true;
				OTHER_SWIFT_FLAGS = "-I /Applications/Xcode.app/Contents/Developer/Toolchains/XcodeDefault.xctoolchain/usr/lib/swift/pm/3 -target x86_64-apple-macosx10.10 -sdk /Applications/Xcode.app/Contents/Developer/Platforms/MacOSX.platform/Developer/SDKs/MacOSX10.13.sdk";
				SWIFT_VERSION = 4.0;
			};
			name = Debug;
		};
		OBJ_81 /* Release */ = {
			isa = XCBuildConfiguration;
			buildSettings = {
				LD = /usr/bin/true;
				OTHER_SWIFT_FLAGS = "-I /Applications/Xcode.app/Contents/Developer/Toolchains/XcodeDefault.xctoolchain/usr/lib/swift/pm/3 -target x86_64-apple-macosx10.10 -sdk /Applications/Xcode.app/Contents/Developer/Platforms/MacOSX.platform/Developer/SDKs/MacOSX10.13.sdk";
				SWIFT_VERSION = 4.0;
			};
			name = Release;
		};
		OBJ_86 /* Debug */ = {
			isa = XCBuildConfiguration;
			buildSettings = {
				LD = /usr/bin/true;
				OTHER_SWIFT_FLAGS = "-I /Applications/Xcode.app/Contents/Developer/Toolchains/XcodeDefault.xctoolchain/usr/lib/swift/pm/3 -target x86_64-apple-macosx10.10 -sdk /Applications/Xcode.app/Contents/Developer/Platforms/MacOSX.platform/Developer/SDKs/MacOSX10.13.sdk";
				SWIFT_VERSION = 4.0;
			};
			name = Debug;
		};
		OBJ_87 /* Release */ = {
			isa = XCBuildConfiguration;
			buildSettings = {
				LD = /usr/bin/true;
				OTHER_SWIFT_FLAGS = "-I /Applications/Xcode.app/Contents/Developer/Toolchains/XcodeDefault.xctoolchain/usr/lib/swift/pm/3 -target x86_64-apple-macosx10.10 -sdk /Applications/Xcode.app/Contents/Developer/Platforms/MacOSX.platform/Developer/SDKs/MacOSX10.13.sdk";
				SWIFT_VERSION = 4.0;
			};
			name = Release;
		};
		OBJ_92 /* Debug */ = {
			isa = XCBuildConfiguration;
			buildSettings = {
				LD = /usr/bin/true;
				OTHER_SWIFT_FLAGS = "-I /Applications/Xcode.app/Contents/Developer/Toolchains/XcodeDefault.xctoolchain/usr/lib/swift/pm/4 -target x86_64-apple-macosx10.10 -sdk /Applications/Xcode.app/Contents/Developer/Platforms/MacOSX.platform/Developer/SDKs/MacOSX10.13.sdk";
				SWIFT_VERSION = 4.0;
			};
			name = Debug;
		};
		OBJ_93 /* Release */ = {
			isa = XCBuildConfiguration;
			buildSettings = {
				LD = /usr/bin/true;
				OTHER_SWIFT_FLAGS = "-I /Applications/Xcode.app/Contents/Developer/Toolchains/XcodeDefault.xctoolchain/usr/lib/swift/pm/4 -target x86_64-apple-macosx10.10 -sdk /Applications/Xcode.app/Contents/Developer/Platforms/MacOSX.platform/Developer/SDKs/MacOSX10.13.sdk";
				SWIFT_VERSION = 4.0;
			};
			name = Release;
		};
		OBJ_98 /* Debug */ = {
			isa = XCBuildConfiguration;
			buildSettings = {
				LD = /usr/bin/true;
				OTHER_SWIFT_FLAGS = "-I /Applications/Xcode.app/Contents/Developer/Toolchains/XcodeDefault.xctoolchain/usr/lib/swift/pm/4 -target x86_64-apple-macosx10.10 -sdk /Applications/Xcode.app/Contents/Developer/Platforms/MacOSX.platform/Developer/SDKs/MacOSX10.13.sdk";
				SWIFT_VERSION = 4.0;
			};
			name = Debug;
		};
		OBJ_99 /* Release */ = {
			isa = XCBuildConfiguration;
			buildSettings = {
				LD = /usr/bin/true;
				OTHER_SWIFT_FLAGS = "-I /Applications/Xcode.app/Contents/Developer/Toolchains/XcodeDefault.xctoolchain/usr/lib/swift/pm/4 -target x86_64-apple-macosx10.10 -sdk /Applications/Xcode.app/Contents/Developer/Platforms/MacOSX.platform/Developer/SDKs/MacOSX10.13.sdk";
				SWIFT_VERSION = 4.0;
			};
			name = Release;
		};
/* End XCBuildConfiguration section */

/* Begin XCConfigurationList section */
		OBJ_103 /* Build configuration list for PBXNativeTarget "PackStreamPackageDescription" */ = {
			isa = XCConfigurationList;
			buildConfigurations = (
				OBJ_104 /* Debug */,
				OBJ_105 /* Release */,
			);
			defaultConfigurationIsVisible = 0;
			defaultConfigurationName = Debug;
		};
		OBJ_109 /* Build configuration list for PBXNativeTarget "TheoTests" */ = {
			isa = XCConfigurationList;
			buildConfigurations = (
				OBJ_110 /* Debug */,
				OBJ_111 /* Release */,
			);
			defaultConfigurationIsVisible = 0;
			defaultConfigurationName = Debug;
		};
		OBJ_134 /* Build configuration list for PBXNativeTarget "Theo" */ = {
			isa = XCConfigurationList;
			buildConfigurations = (
				OBJ_135 /* Debug */,
				OBJ_136 /* Release */,
			);
			defaultConfigurationIsVisible = 0;
			defaultConfigurationName = Debug;
		};
		OBJ_165 /* Build configuration list for PBXNativeTarget "Bolt" */ = {
			isa = XCConfigurationList;
			buildConfigurations = (
				OBJ_166 /* Debug */,
				OBJ_167 /* Release */,
			);
			defaultConfigurationIsVisible = 0;
			defaultConfigurationName = Debug;
		};
		OBJ_185 /* Build configuration list for PBXNativeTarget "SSLService" */ = {
			isa = XCConfigurationList;
			buildConfigurations = (
				OBJ_186 /* Debug */,
				OBJ_187 /* Release */,
			);
			defaultConfigurationIsVisible = 0;
			defaultConfigurationName = Debug;
		};
		OBJ_193 /* Build configuration list for PBXNativeTarget "Socket" */ = {
			isa = XCConfigurationList;
			buildConfigurations = (
				OBJ_194 /* Debug */,
				OBJ_195 /* Release */,
			);
			defaultConfigurationIsVisible = 0;
			defaultConfigurationName = Debug;
		};
		OBJ_2 /* Build configuration list for PBXProject "Theo" */ = {
			isa = XCConfigurationList;
			buildConfigurations = (
				OBJ_3 /* Debug */,
				OBJ_4 /* Release */,
			);
			defaultConfigurationIsVisible = 0;
			defaultConfigurationName = Debug;
		};
		OBJ_201 /* Build configuration list for PBXNativeTarget "PackStream" */ = {
			isa = XCConfigurationList;
			buildConfigurations = (
				OBJ_202 /* Debug */,
				OBJ_203 /* Release */,
			);
			defaultConfigurationIsVisible = 0;
			defaultConfigurationName = Debug;
		};
		OBJ_217 /* Build configuration list for PBXAggregateTarget "TheoPackageTests" */ = {
			isa = XCConfigurationList;
			buildConfigurations = (
				OBJ_218 /* Debug */,
				OBJ_219 /* Release */,
			);
			defaultConfigurationIsVisible = 0;
			defaultConfigurationName = Debug;
		};
		OBJ_79 /* Build configuration list for PBXNativeTarget "TheoPackageDescription" */ = {
			isa = XCConfigurationList;
			buildConfigurations = (
				OBJ_80 /* Debug */,
				OBJ_81 /* Release */,
			);
			defaultConfigurationIsVisible = 0;
			defaultConfigurationName = Debug;
		};
		OBJ_85 /* Build configuration list for PBXNativeTarget "BoltPackageDescription" */ = {
			isa = XCConfigurationList;
			buildConfigurations = (
				OBJ_86 /* Debug */,
				OBJ_87 /* Release */,
			);
			defaultConfigurationIsVisible = 0;
			defaultConfigurationName = Debug;
		};
		OBJ_91 /* Build configuration list for PBXNativeTarget "SSLServicePackageDescription" */ = {
			isa = XCConfigurationList;
			buildConfigurations = (
				OBJ_92 /* Debug */,
				OBJ_93 /* Release */,
			);
			defaultConfigurationIsVisible = 0;
			defaultConfigurationName = Debug;
		};
		OBJ_97 /* Build configuration list for PBXNativeTarget "SocketPackageDescription" */ = {
			isa = XCConfigurationList;
			buildConfigurations = (
				OBJ_98 /* Debug */,
				OBJ_99 /* Release */,
			);
			defaultConfigurationIsVisible = 0;
			defaultConfigurationName = Debug;
		};
/* End XCConfigurationList section */
	};
	rootObject = OBJ_1 /* Project object */;
}
