// !$*UTF8*$!
{
	archiveVersion = 1;
	classes = {
	};
	objectVersion = 46;
	objects = {

/* Begin PBXBuildFile section */
		01FB2CE819C7DB0000D429E7 /* AppDelegate.swift in Sources */ = {isa = PBXBuildFile; fileRef = 01FB2CE719C7DB0000D429E7 /* AppDelegate.swift */; };
		01FB2CEA19C7DB0100D429E7 /* MasterViewController.swift in Sources */ = {isa = PBXBuildFile; fileRef = 01FB2CE919C7DB0100D429E7 /* MasterViewController.swift */; };
		01FB2CEC19C7DB0100D429E7 /* DetailViewController.swift in Sources */ = {isa = PBXBuildFile; fileRef = 01FB2CEB19C7DB0100D429E7 /* DetailViewController.swift */; };
		01FB2CEF19C7DB0100D429E7 /* Main.storyboard in Resources */ = {isa = PBXBuildFile; fileRef = 01FB2CED19C7DB0100D429E7 /* Main.storyboard */; };
		01FB2CF119C7DB0100D429E7 /* Images.xcassets in Resources */ = {isa = PBXBuildFile; fileRef = 01FB2CF019C7DB0100D429E7 /* Images.xcassets */; };
		01FB2CF419C7DB0100D429E7 /* LaunchScreen.xib in Resources */ = {isa = PBXBuildFile; fileRef = 01FB2CF219C7DB0100D429E7 /* LaunchScreen.xib */; };
		01FB2D0019C7DB0100D429E7 /* TheoExampleTests.swift in Sources */ = {isa = PBXBuildFile; fileRef = 01FB2CFF19C7DB0100D429E7 /* TheoExampleTests.swift */; };
/* End PBXBuildFile section */

/* Begin PBXContainerItemProxy section */
		01FB2CFA19C7DB0100D429E7 /* PBXContainerItemProxy */ = {
			isa = PBXContainerItemProxy;
			containerPortal = 01FB2CDA19C7DB0000D429E7 /* Project object */;
			proxyType = 1;
			remoteGlobalIDString = 01FB2CE119C7DB0000D429E7;
			remoteInfo = TheoExample;
		};
/* End PBXContainerItemProxy section */

/* Begin PBXFileReference section */
		01FB2CE219C7DB0000D429E7 /* TheoExample.app */ = {isa = PBXFileReference; explicitFileType = wrapper.application; includeInIndex = 0; path = TheoExample.app; sourceTree = BUILT_PRODUCTS_DIR; };
		01FB2CE619C7DB0000D429E7 /* Info.plist */ = {isa = PBXFileReference; lastKnownFileType = text.plist.xml; path = Info.plist; sourceTree = "<group>"; };
		01FB2CE719C7DB0000D429E7 /* AppDelegate.swift */ = {isa = PBXFileReference; lastKnownFileType = sourcecode.swift; path = AppDelegate.swift; sourceTree = "<group>"; };
		01FB2CE919C7DB0100D429E7 /* MasterViewController.swift */ = {isa = PBXFileReference; lastKnownFileType = sourcecode.swift; path = MasterViewController.swift; sourceTree = "<group>"; };
		01FB2CEB19C7DB0100D429E7 /* DetailViewController.swift */ = {isa = PBXFileReference; lastKnownFileType = sourcecode.swift; path = DetailViewController.swift; sourceTree = "<group>"; };
		01FB2CEE19C7DB0100D429E7 /* Base */ = {isa = PBXFileReference; lastKnownFileType = file.storyboard; name = Base; path = Base.lproj/Main.storyboard; sourceTree = "<group>"; };
		01FB2CF019C7DB0100D429E7 /* Images.xcassets */ = {isa = PBXFileReference; lastKnownFileType = folder.assetcatalog; path = Images.xcassets; sourceTree = "<group>"; };
		01FB2CF319C7DB0100D429E7 /* Base */ = {isa = PBXFileReference; lastKnownFileType = file.xib; name = Base; path = Base.lproj/LaunchScreen.xib; sourceTree = "<group>"; };
		01FB2CF919C7DB0100D429E7 /* TheoExampleTests.xctest */ = {isa = PBXFileReference; explicitFileType = wrapper.cfbundle; includeInIndex = 0; path = TheoExampleTests.xctest; sourceTree = BUILT_PRODUCTS_DIR; };
		01FB2CFE19C7DB0100D429E7 /* Info.plist */ = {isa = PBXFileReference; lastKnownFileType = text.plist.xml; path = Info.plist; sourceTree = "<group>"; };
		01FB2CFF19C7DB0100D429E7 /* TheoExampleTests.swift */ = {isa = PBXFileReference; lastKnownFileType = sourcecode.swift; path = TheoExampleTests.swift; sourceTree = "<group>"; };
/* End PBXFileReference section */

/* Begin PBXFrameworksBuildPhase section */
		01FB2CDF19C7DB0000D429E7 /* Frameworks */ = {
			isa = PBXFrameworksBuildPhase;
			buildActionMask = 2147483647;
			files = (
			);
			runOnlyForDeploymentPostprocessing = 0;
		};
		01FB2CF619C7DB0100D429E7 /* Frameworks */ = {
			isa = PBXFrameworksBuildPhase;
			buildActionMask = 2147483647;
			files = (
			);
			runOnlyForDeploymentPostprocessing = 0;
		};
/* End PBXFrameworksBuildPhase section */

/* Begin PBXGroup section */
		01FB2CD919C7DB0000D429E7 = {
			isa = PBXGroup;
			children = (
				01FB2CE419C7DB0000D429E7 /* TheoExample */,
				01FB2CFC19C7DB0100D429E7 /* TheoExampleTests */,
				01FB2CE319C7DB0000D429E7 /* Products */,
			);
			sourceTree = "<group>";
		};
		01FB2CE319C7DB0000D429E7 /* Products */ = {
			isa = PBXGroup;
			children = (
				01FB2CE219C7DB0000D429E7 /* TheoExample.app */,
				01FB2CF919C7DB0100D429E7 /* TheoExampleTests.xctest */,
			);
			name = Products;
			sourceTree = "<group>";
		};
		01FB2CE419C7DB0000D429E7 /* TheoExample */ = {
			isa = PBXGroup;
			children = (
				01FB2CE719C7DB0000D429E7 /* AppDelegate.swift */,
				01FB2CE919C7DB0100D429E7 /* MasterViewController.swift */,
				01FB2CEB19C7DB0100D429E7 /* DetailViewController.swift */,
				01FB2CED19C7DB0100D429E7 /* Main.storyboard */,
				01FB2CF019C7DB0100D429E7 /* Images.xcassets */,
				01FB2CF219C7DB0100D429E7 /* LaunchScreen.xib */,
				01FB2CE519C7DB0000D429E7 /* Supporting Files */,
			);
			path = TheoExample;
			sourceTree = "<group>";
		};
		01FB2CE519C7DB0000D429E7 /* Supporting Files */ = {
			isa = PBXGroup;
			children = (
				01FB2CE619C7DB0000D429E7 /* Info.plist */,
			);
			name = "Supporting Files";
			sourceTree = "<group>";
		};
		01FB2CFC19C7DB0100D429E7 /* TheoExampleTests */ = {
			isa = PBXGroup;
			children = (
				01FB2CFF19C7DB0100D429E7 /* TheoExampleTests.swift */,
				01FB2CFD19C7DB0100D429E7 /* Supporting Files */,
			);
			path = TheoExampleTests;
			sourceTree = "<group>";
		};
		01FB2CFD19C7DB0100D429E7 /* Supporting Files */ = {
			isa = PBXGroup;
			children = (
				01FB2CFE19C7DB0100D429E7 /* Info.plist */,
			);
			name = "Supporting Files";
			sourceTree = "<group>";
		};
/* End PBXGroup section */

/* Begin PBXNativeTarget section */
		01FB2CE119C7DB0000D429E7 /* TheoExample */ = {
			isa = PBXNativeTarget;
			buildConfigurationList = 01FB2D0319C7DB0100D429E7 /* Build configuration list for PBXNativeTarget "TheoExample" */;
			buildPhases = (
				01FB2CDE19C7DB0000D429E7 /* Sources */,
				01FB2CDF19C7DB0000D429E7 /* Frameworks */,
				01FB2CE019C7DB0000D429E7 /* Resources */,
			);
			buildRules = (
			);
			dependencies = (
			);
			name = TheoExample;
			productName = TheoExample;
			productReference = 01FB2CE219C7DB0000D429E7 /* TheoExample.app */;
			productType = "com.apple.product-type.application";
		};
		01FB2CF819C7DB0100D429E7 /* TheoExampleTests */ = {
			isa = PBXNativeTarget;
			buildConfigurationList = 01FB2D0619C7DB0100D429E7 /* Build configuration list for PBXNativeTarget "TheoExampleTests" */;
			buildPhases = (
				01FB2CF519C7DB0100D429E7 /* Sources */,
				01FB2CF619C7DB0100D429E7 /* Frameworks */,
				01FB2CF719C7DB0100D429E7 /* Resources */,
			);
			buildRules = (
			);
			dependencies = (
				01FB2CFB19C7DB0100D429E7 /* PBXTargetDependency */,
			);
			name = TheoExampleTests;
			productName = TheoExampleTests;
			productReference = 01FB2CF919C7DB0100D429E7 /* TheoExampleTests.xctest */;
			productType = "com.apple.product-type.bundle.unit-test";
		};
/* End PBXNativeTarget section */

/* Begin PBXProject section */
		01FB2CDA19C7DB0000D429E7 /* Project object */ = {
			isa = PBXProject;
			attributes = {
				LastUpgradeCheck = 0600;
				ORGANIZATIONNAME = Theo;
				TargetAttributes = {
					01FB2CE119C7DB0000D429E7 = {
						CreatedOnToolsVersion = 6.0;
					};
					01FB2CF819C7DB0100D429E7 = {
						CreatedOnToolsVersion = 6.0;
						TestTargetID = 01FB2CE119C7DB0000D429E7;
					};
				};
			};
			buildConfigurationList = 01FB2CDD19C7DB0000D429E7 /* Build configuration list for PBXProject "TheoExample" */;
			compatibilityVersion = "Xcode 3.2";
			developmentRegion = English;
			hasScannedForEncodings = 0;
			knownRegions = (
				en,
				Base,
			);
			mainGroup = 01FB2CD919C7DB0000D429E7;
			productRefGroup = 01FB2CE319C7DB0000D429E7 /* Products */;
			projectDirPath = "";
			projectRoot = "";
			targets = (
				01FB2CE119C7DB0000D429E7 /* TheoExample */,
				01FB2CF819C7DB0100D429E7 /* TheoExampleTests */,
			);
		};
/* End PBXProject section */

/* Begin PBXResourcesBuildPhase section */
		01FB2CE019C7DB0000D429E7 /* Resources */ = {
			isa = PBXResourcesBuildPhase;
			buildActionMask = 2147483647;
			files = (
				01FB2CEF19C7DB0100D429E7 /* Main.storyboard in Resources */,
				01FB2CF419C7DB0100D429E7 /* LaunchScreen.xib in Resources */,
				01FB2CF119C7DB0100D429E7 /* Images.xcassets in Resources */,
			);
			runOnlyForDeploymentPostprocessing = 0;
		};
		01FB2CF719C7DB0100D429E7 /* Resources */ = {
			isa = PBXResourcesBuildPhase;
			buildActionMask = 2147483647;
			files = (
			);
			runOnlyForDeploymentPostprocessing = 0;
		};
/* End PBXResourcesBuildPhase section */

/* Begin PBXSourcesBuildPhase section */
		01FB2CDE19C7DB0000D429E7 /* Sources */ = {
			isa = PBXSourcesBuildPhase;
			buildActionMask = 2147483647;
			files = (
				01FB2CEC19C7DB0100D429E7 /* DetailViewController.swift in Sources */,
				01FB2CEA19C7DB0100D429E7 /* MasterViewController.swift in Sources */,
				01FB2CE819C7DB0000D429E7 /* AppDelegate.swift in Sources */,
			);
			runOnlyForDeploymentPostprocessing = 0;
		};
		01FB2CF519C7DB0100D429E7 /* Sources */ = {
			isa = PBXSourcesBuildPhase;
			buildActionMask = 2147483647;
			files = (
				01FB2D0019C7DB0100D429E7 /* TheoExampleTests.swift in Sources */,
			);
			runOnlyForDeploymentPostprocessing = 0;
		};
/* End PBXSourcesBuildPhase section */

/* Begin PBXTargetDependency section */
		01FB2CFB19C7DB0100D429E7 /* PBXTargetDependency */ = {
			isa = PBXTargetDependency;
			target = 01FB2CE119C7DB0000D429E7 /* TheoExample */;
			targetProxy = 01FB2CFA19C7DB0100D429E7 /* PBXContainerItemProxy */;
		};
/* End PBXTargetDependency section */

/* Begin PBXVariantGroup section */
		01FB2CED19C7DB0100D429E7 /* Main.storyboard */ = {
			isa = PBXVariantGroup;
			children = (
				01FB2CEE19C7DB0100D429E7 /* Base */,
			);
			name = Main.storyboard;
			sourceTree = "<group>";
		};
		01FB2CF219C7DB0100D429E7 /* LaunchScreen.xib */ = {
			isa = PBXVariantGroup;
			children = (
				01FB2CF319C7DB0100D429E7 /* Base */,
			);
			name = LaunchScreen.xib;
			sourceTree = "<group>";
		};
/* End PBXVariantGroup section */

/* Begin XCBuildConfiguration section */
		01FB2D0119C7DB0100D429E7 /* Debug */ = {
			isa = XCBuildConfiguration;
			buildSettings = {
				ALWAYS_SEARCH_USER_PATHS = NO;
				CLANG_CXX_LANGUAGE_STANDARD = "gnu++0x";
				CLANG_CXX_LIBRARY = "libc++";
				CLANG_ENABLE_MODULES = YES;
				CLANG_ENABLE_OBJC_ARC = YES;
				CLANG_WARN_BOOL_CONVERSION = YES;
				CLANG_WARN_CONSTANT_CONVERSION = YES;
				CLANG_WARN_DIRECT_OBJC_ISA_USAGE = YES_ERROR;
				CLANG_WARN_EMPTY_BODY = YES;
				CLANG_WARN_ENUM_CONVERSION = YES;
				CLANG_WARN_INT_CONVERSION = YES;
				CLANG_WARN_OBJC_ROOT_CLASS = YES_ERROR;
				CLANG_WARN_UNREACHABLE_CODE = YES;
				CLANG_WARN__DUPLICATE_METHOD_MATCH = YES;
				"CODE_SIGN_IDENTITY[sdk=iphoneos*]" = "iPhone Developer";
				COPY_PHASE_STRIP = NO;
				ENABLE_STRICT_OBJC_MSGSEND = YES;
				GCC_C_LANGUAGE_STANDARD = gnu99;
				GCC_DYNAMIC_NO_PIC = NO;
				GCC_OPTIMIZATION_LEVEL = 0;
				GCC_PREPROCESSOR_DEFINITIONS = (
					"DEBUG=1",
					"$(inherited)",
				);
				GCC_SYMBOLS_PRIVATE_EXTERN = NO;
				GCC_WARN_64_TO_32_BIT_CONVERSION = YES;
				GCC_WARN_ABOUT_RETURN_TYPE = YES_ERROR;
				GCC_WARN_UNDECLARED_SELECTOR = YES;
				GCC_WARN_UNINITIALIZED_AUTOS = YES_AGGRESSIVE;
				GCC_WARN_UNUSED_FUNCTION = YES;
				GCC_WARN_UNUSED_VARIABLE = YES;
				IPHONEOS_DEPLOYMENT_TARGET = 8.0;
				MTL_ENABLE_DEBUG_INFO = YES;
				ONLY_ACTIVE_ARCH = YES;
				SDKROOT = iphoneos;
				SWIFT_OPTIMIZATION_LEVEL = "-Onone";
				TARGETED_DEVICE_FAMILY = "1,2";
			};
			name = Debug;
		};
		01FB2D0219C7DB0100D429E7 /* Release */ = {
			isa = XCBuildConfiguration;
			buildSettings = {
				ALWAYS_SEARCH_USER_PATHS = NO;
				CLANG_CXX_LANGUAGE_STANDARD = "gnu++0x";
				CLANG_CXX_LIBRARY = "libc++";
				CLANG_ENABLE_MODULES = YES;
				CLANG_ENABLE_OBJC_ARC = YES;
				CLANG_WARN_BOOL_CONVERSION = YES;
				CLANG_WARN_CONSTANT_CONVERSION = YES;
				CLANG_WARN_DIRECT_OBJC_ISA_USAGE = YES_ERROR;
				CLANG_WARN_EMPTY_BODY = YES;
				CLANG_WARN_ENUM_CONVERSION = YES;
				CLANG_WARN_INT_CONVERSION = YES;
				CLANG_WARN_OBJC_ROOT_CLASS = YES_ERROR;
				CLANG_WARN_UNREACHABLE_CODE = YES;
				CLANG_WARN__DUPLICATE_METHOD_MATCH = YES;
				"CODE_SIGN_IDENTITY[sdk=iphoneos*]" = "iPhone Developer";
				COPY_PHASE_STRIP = YES;
				ENABLE_NS_ASSERTIONS = NO;
				ENABLE_STRICT_OBJC_MSGSEND = YES;
				GCC_C_LANGUAGE_STANDARD = gnu99;
				GCC_WARN_64_TO_32_BIT_CONVERSION = YES;
				GCC_WARN_ABOUT_RETURN_TYPE = YES_ERROR;
				GCC_WARN_UNDECLARED_SELECTOR = YES;
				GCC_WARN_UNINITIALIZED_AUTOS = YES_AGGRESSIVE;
				GCC_WARN_UNUSED_FUNCTION = YES;
				GCC_WARN_UNUSED_VARIABLE = YES;
				IPHONEOS_DEPLOYMENT_TARGET = 8.0;
				MTL_ENABLE_DEBUG_INFO = NO;
				SDKROOT = iphoneos;
				TARGETED_DEVICE_FAMILY = "1,2";
				VALIDATE_PRODUCT = YES;
			};
			name = Release;
		};
		01FB2D0419C7DB0100D429E7 /* Debug */ = {
			isa = XCBuildConfiguration;
			buildSettings = {
				ASSETCATALOG_COMPILER_APPICON_NAME = AppIcon;
				INFOPLIST_FILE = TheoExample/Info.plist;
				LD_RUNPATH_SEARCH_PATHS = "$(inherited) @executable_path/Frameworks";
				PRODUCT_NAME = "$(TARGET_NAME)";
			};
			name = Debug;
		};
		01FB2D0519C7DB0100D429E7 /* Release */ = {
			isa = XCBuildConfiguration;
			buildSettings = {
				ASSETCATALOG_COMPILER_APPICON_NAME = AppIcon;
				INFOPLIST_FILE = TheoExample/Info.plist;
				LD_RUNPATH_SEARCH_PATHS = "$(inherited) @executable_path/Frameworks";
				PRODUCT_NAME = "$(TARGET_NAME)";
			};
			name = Release;
		};
		01FB2D0719C7DB0100D429E7 /* Debug */ = {
			isa = XCBuildConfiguration;
			buildSettings = {
				BUNDLE_LOADER = "$(TEST_HOST)";
				FRAMEWORK_SEARCH_PATHS = (
					"$(SDKROOT)/Developer/Library/Frameworks",
					"$(inherited)",
				);
				GCC_PREPROCESSOR_DEFINITIONS = (
					"DEBUG=1",
					"$(inherited)",
				);
				INFOPLIST_FILE = TheoExampleTests/Info.plist;
				LD_RUNPATH_SEARCH_PATHS = "$(inherited) @executable_path/Frameworks @loader_path/Frameworks";
				PRODUCT_NAME = "$(TARGET_NAME)";
				TEST_HOST = "$(BUILT_PRODUCTS_DIR)/TheoExample.app/TheoExample";
			};
			name = Debug;
		};
		01FB2D0819C7DB0100D429E7 /* Release */ = {
			isa = XCBuildConfiguration;
			buildSettings = {
				BUNDLE_LOADER = "$(TEST_HOST)";
				FRAMEWORK_SEARCH_PATHS = (
					"$(SDKROOT)/Developer/Library/Frameworks",
					"$(inherited)",
				);
				INFOPLIST_FILE = TheoExampleTests/Info.plist;
				LD_RUNPATH_SEARCH_PATHS = "$(inherited) @executable_path/Frameworks @loader_path/Frameworks";
				PRODUCT_NAME = "$(TARGET_NAME)";
				TEST_HOST = "$(BUILT_PRODUCTS_DIR)/TheoExample.app/TheoExample";
			};
			name = Release;
		};
/* End XCBuildConfiguration section */

/* Begin XCConfigurationList section */
		01FB2CDD19C7DB0000D429E7 /* Build configuration list for PBXProject "TheoExample" */ = {
			isa = XCConfigurationList;
			buildConfigurations = (
				01FB2D0119C7DB0100D429E7 /* Debug */,
				01FB2D0219C7DB0100D429E7 /* Release */,
			);
			defaultConfigurationIsVisible = 0;
			defaultConfigurationName = Release;
		};
		01FB2D0319C7DB0100D429E7 /* Build configuration list for PBXNativeTarget "TheoExample" */ = {
			isa = XCConfigurationList;
			buildConfigurations = (
				01FB2D0419C7DB0100D429E7 /* Debug */,
				01FB2D0519C7DB0100D429E7 /* Release */,
			);
			defaultConfigurationIsVisible = 0;
		};
		01FB2D0619C7DB0100D429E7 /* Build configuration list for PBXNativeTarget "TheoExampleTests" */ = {
			isa = XCConfigurationList;
			buildConfigurations = (
				01FB2D0719C7DB0100D429E7 /* Debug */,
				01FB2D0819C7DB0100D429E7 /* Release */,
			);
			defaultConfigurationIsVisible = 0;
		};
/* End XCConfigurationList section */
	};
	rootObject = 01FB2CDA19C7DB0000D429E7 /* Project object */;
}
